
Microsoft Visual Studio Solution File, Format Version 12.00
# Visual Studio 15
VisualStudioVersion = 15.0.28307.757
MinimumVisualStudioVersion = 10.0.40219.1
Project("{FAE04EC0-301F-11D3-BF4B-00C04F79EFBC}") = "Klasteryzacja", "Klasteryzacja\Klasteryzacja.csproj", "{462B2D11-D8E5-4DFE-861A-9B4ED7D3A2E5}"
EndProject
Global
	GlobalSection(SolutionConfigurationPlatforms) = preSolution
		Debug|Any CPU = Debug|Any CPU
		Release|Any CPU = Release|Any CPU
	EndGlobalSection
	GlobalSection(ProjectConfigurationPlatforms) = postSolution
		{462B2D11-D8E5-4DFE-861A-9B4ED7D3A2E5}.Debug|Any CPU.ActiveCfg = Debug|Any CPU
		{462B2D11-D8E5-4DFE-861A-9B4ED7D3A2E5}.Debug|Any CPU.Build.0 = Debug|Any CPU
		{462B2D11-D8E5-4DFE-861A-9B4ED7D3A2E5}.Release|Any CPU.ActiveCfg = Release|Any CPU
		{462B2D11-D8E5-4DFE-861A-9B4ED7D3A2E5}.Release|Any CPU.Build.0 = Release|Any CPU
	EndGlobalSection
	GlobalSection(SolutionProperties) = preSolution
		HideSolutionNode = FALSE
	EndGlobalSection
	GlobalSection(ExtensibilityGlobals) = postSolution
		SolutionGuid = {4748948C-6DAA-4909-B41A-D393B968EAE6}
	EndGlobalSection
EndGlobal
